
Microsoft Visual Studio Solution File, Format Version 12.00
# Visual Studio Version 16
VisualStudioVersion = 16.0.30114.105
MinimumVisualStudioVersion = 10.0.40219.1
Project("{2150E333-8FDC-42A3-9474-1A3956D46DE8}") = "src", "src", "{C35DB11F-6EC7-4612-B26A-4268ED827F76}"
EndProject
Project("{FAE04EC0-301F-11D3-BF4B-00C04F79EFBC}") = "StartupTasks", "src\StartupTasks\StartupTasks.csproj", "{E9181F3A-5FD1-48D8-9E6A-756ECB9F4882}"
EndProject
Project("{2150E333-8FDC-42A3-9474-1A3956D46DE8}") = "test", "test", "{C07CE8B9-4763-4C52-8FF4-D77835493A59}"
EndProject
Project("{FAE04EC0-301F-11D3-BF4B-00C04F79EFBC}") = "StartupTasks.Tests", "test\StartupTasks.Tests\StartupTasks.Tests.csproj", "{16446C48-7B30-4077-815C-350DB90952B7}"
EndProject
Global
	GlobalSection(SolutionConfigurationPlatforms) = preSolution
		Debug|Any CPU = Debug|Any CPU
		Release|Any CPU = Release|Any CPU
	EndGlobalSection
	GlobalSection(SolutionProperties) = preSolution
		HideSolutionNode = FALSE
	EndGlobalSection
	GlobalSection(ProjectConfigurationPlatforms) = postSolution
		{E9181F3A-5FD1-48D8-9E6A-756ECB9F4882}.Debug|Any CPU.ActiveCfg = Debug|Any CPU
		{E9181F3A-5FD1-48D8-9E6A-756ECB9F4882}.Debug|Any CPU.Build.0 = Debug|Any CPU
		{E9181F3A-5FD1-48D8-9E6A-756ECB9F4882}.Release|Any CPU.ActiveCfg = Release|Any CPU
		{E9181F3A-5FD1-48D8-9E6A-756ECB9F4882}.Release|Any CPU.Build.0 = Release|Any CPU
		{16446C48-7B30-4077-815C-350DB90952B7}.Debug|Any CPU.ActiveCfg = Debug|Any CPU
		{16446C48-7B30-4077-815C-350DB90952B7}.Debug|Any CPU.Build.0 = Debug|Any CPU
		{16446C48-7B30-4077-815C-350DB90952B7}.Release|Any CPU.ActiveCfg = Release|Any CPU
		{16446C48-7B30-4077-815C-350DB90952B7}.Release|Any CPU.Build.0 = Release|Any CPU
	EndGlobalSection
	GlobalSection(NestedProjects) = preSolution
		{E9181F3A-5FD1-48D8-9E6A-756ECB9F4882} = {C35DB11F-6EC7-4612-B26A-4268ED827F76}
		{16446C48-7B30-4077-815C-350DB90952B7} = {C07CE8B9-4763-4C52-8FF4-D77835493A59}
	EndGlobalSection
EndGlobal
